{
  "name": ".opencode",
  "lockfileVersion": 3,
  "requires": true,
  "packages": {
    "": {
      "dependencies": {
        "@opencode-ai/plugin": "^1.2.4"
      }
    },
    "node_modules/@opencode-ai/plugin": {
      "version": "1.2.4",
      "resolved": "https://registry.npmmirror.com/@opencode-ai/plugin/-/plugin-1.2.4.tgz",
      "integrity": "sha512-FfRybm1Ujzkt8EQDtxZKVEA88EI8XaAu3ikViC8DYSP3lJaF++8isN3vmlSqCi+A+O2/5xd2yQ0yq3tmJ2WVhw==",
      "license": "MIT",
      "dependencies": {
        "@opencode-ai/sdk": "1.2.4",
        "zod": "4.1.8"
      }
    },
    "node_modules/@opencode-ai/sdk": {
      "version": "1.2.4",
      "resolved": "https://registry.npmmirror.com/@opencode-ai/sdk/-/sdk-1.2.4.tgz",
      "integrity": "sha512-IPgtBpif46wTviC3HQxkjS4M/1tZSnRmD/6aEF3lL88MT+PAqKA30G+AhBlpvXBITq9EmjO4gjzM59ly2z7mYQ==",
      "license": "MIT"
    },
    "node_modules/zod": {
      "version": "4.1.8",
      "license": "MIT",
      "funding": {
        "url": "https://github.com/sponsors/colinhacks"
      }
    }
  }
}
